// !$*UTF8*$!
{
	archiveVersion = 1;
	classes = {
	};
	objectVersion = 46;
	objects = {

/* Begin PBXBuildFile section */
		6B49A0871B1E69A600539EC9 /* main.m in Sources */ = {isa = PBXBuildFile; fileRef = 6B49A0861B1E69A600539EC9 /* main.m */; };
		6B49A08A1B1E69A600539EC9 /* AppDelegate.m in Sources */ = {isa = PBXBuildFile; fileRef = 6B49A0891B1E69A600539EC9 /* AppDelegate.m */; };
		6B49A08D1B1E69A600539EC9 /* MasterViewController.m in Sources */ = {isa = PBXBuildFile; fileRef = 6B49A08C1B1E69A600539EC9 /* MasterViewController.m */; };
		6B49A0901B1E69A600539EC9 /* DetailViewController.m in Sources */ = {isa = PBXBuildFile; fileRef = 6B49A08F1B1E69A600539EC9 /* DetailViewController.m */; };
		6B49A0931B1E69A600539EC9 /* Main.storyboard in Resources */ = {isa = PBXBuildFile; fileRef = 6B49A0911B1E69A600539EC9 /* Main.storyboard */; };
		6B49A0951B1E69A600539EC9 /* Images.xcassets in Resources */ = {isa = PBXBuildFile; fileRef = 6B49A0941B1E69A600539EC9 /* Images.xcassets */; };
		6B49A0981B1E69A600539EC9 /* LaunchScreen.xib in Resources */ = {isa = PBXBuildFile; fileRef = 6B49A0961B1E69A600539EC9 /* LaunchScreen.xib */; };
		6B49A0A41B1E69A600539EC9 /* test_iosTests.m in Sources */ = {isa = PBXBuildFile; fileRef = 6B49A0A31B1E69A600539EC9 /* test_iosTests.m */; };
/* End PBXBuildFile section */

/* Begin PBXContainerItemProxy section */
		6B49A09E1B1E69A600539EC9 /* PBXContainerItemProxy */ = {
			isa = PBXContainerItemProxy;
			containerPortal = 6B49A0791B1E69A600539EC9 /* Project object */;
			proxyType = 1;
			remoteGlobalIDString = 6B49A0801B1E69A600539EC9;
			remoteInfo = test_ios;
		};
/* End PBXContainerItemProxy section */

/* Begin PBXFileReference section */
		6B49A0811B1E69A600539EC9 /* test_ios.app */ = {isa = PBXFileReference; explicitFileType = wrapper.application; includeInIndex = 0; path = test_ios.app; sourceTree = BUILT_PRODUCTS_DIR; };
		6B49A0851B1E69A600539EC9 /* Info.plist */ = {isa = PBXFileReference; lastKnownFileType = text.plist.xml; path = Info.plist; sourceTree = "<group>"; };
		6B49A0861B1E69A600539EC9 /* main.m */ = {isa = PBXFileReference; lastKnownFileType = sourcecode.c.objc; path = main.m; sourceTree = "<group>"; };
		6B49A0881B1E69A600539EC9 /* AppDelegate.h */ = {isa = PBXFileReference; lastKnownFileType = sourcecode.c.h; path = AppDelegate.h; sourceTree = "<group>"; };
		6B49A0891B1E69A600539EC9 /* AppDelegate.m */ = {isa = PBXFileReference; lastKnownFileType = sourcecode.c.objc; path = AppDelegate.m; sourceTree = "<group>"; };
		6B49A08B1B1E69A600539EC9 /* MasterViewController.h */ = {isa = PBXFileReference; lastKnownFileType = sourcecode.c.h; path = MasterViewController.h; sourceTree = "<group>"; };
		6B49A08C1B1E69A600539EC9 /* MasterViewController.m */ = {isa = PBXFileReference; lastKnownFileType = sourcecode.c.objc; path = MasterViewController.m; sourceTree = "<group>"; };
		6B49A08E1B1E69A600539EC9 /* DetailViewController.h */ = {isa = PBXFileReference; lastKnownFileType = sourcecode.c.h; path = DetailViewController.h; sourceTree = "<group>"; };
		6B49A08F1B1E69A600539EC9 /* DetailViewController.m */ = {isa = PBXFileReference; lastKnownFileType = sourcecode.c.objc; path = DetailViewController.m; sourceTree = "<group>"; };
		6B49A0921B1E69A600539EC9 /* Base */ = {isa = PBXFileReference; lastKnownFileType = file.storyboard; name = Base; path = Base.lproj/Main.storyboard; sourceTree = "<group>"; };
		6B49A0941B1E69A600539EC9 /* Images.xcassets */ = {isa = PBXFileReference; lastKnownFileType = folder.assetcatalog; path = Images.xcassets; sourceTree = "<group>"; };
		6B49A0971B1E69A600539EC9 /* Base */ = {isa = PBXFileReference; lastKnownFileType = file.xib; name = Base; path = Base.lproj/LaunchScreen.xib; sourceTree = "<group>"; };
		6B49A09D1B1E69A600539EC9 /* test_iosTests.xctest */ = {isa = PBXFileReference; explicitFileType = wrapper.cfbundle; includeInIndex = 0; path = test_iosTests.xctest; sourceTree = BUILT_PRODUCTS_DIR; };
		6B49A0A21B1E69A600539EC9 /* Info.plist */ = {isa = PBXFileReference; lastKnownFileType = text.plist.xml; path = Info.plist; sourceTree = "<group>"; };
		6B49A0A31B1E69A600539EC9 /* test_iosTests.m */ = {isa = PBXFileReference; lastKnownFileType = sourcecode.c.objc; path = test_iosTests.m; sourceTree = "<group>"; };
/* End PBXFileReference section */

/* Begin PBXFrameworksBuildPhase section */
		6B49A07E1B1E69A600539EC9 /* Frameworks */ = {
			isa = PBXFrameworksBuildPhase;
			buildActionMask = 2147483647;
			files = (
			);
			runOnlyForDeploymentPostprocessing = 0;
		};
		6B49A09A1B1E69A600539EC9 /* Frameworks */ = {
			isa = PBXFrameworksBuildPhase;
			buildActionMask = 2147483647;
			files = (
			);
			runOnlyForDeploymentPostprocessing = 0;
		};
/* End PBXFrameworksBuildPhase section */

/* Begin PBXGroup section */
		6B49A0781B1E69A600539EC9 = {
			isa = PBXGroup;
			children = (
				6B49A0831B1E69A600539EC9 /* test_ios */,
				6B49A0A01B1E69A600539EC9 /* test_iosTests */,
				6B49A0821B1E69A600539EC9 /* Products */,
			);
			sourceTree = "<group>";
		};
		6B49A0821B1E69A600539EC9 /* Products */ = {
			isa = PBXGroup;
			children = (
				6B49A0811B1E69A600539EC9 /* test_ios.app */,
				6B49A09D1B1E69A600539EC9 /* test_iosTests.xctest */,
			);
			name = Products;
			sourceTree = "<group>";
		};
		6B49A0831B1E69A600539EC9 /* test_ios */ = {
			isa = PBXGroup;
			children = (
				6B49A0881B1E69A600539EC9 /* AppDelegate.h */,
				6B49A0891B1E69A600539EC9 /* AppDelegate.m */,
				6B49A08B1B1E69A600539EC9 /* MasterViewController.h */,
				6B49A08C1B1E69A600539EC9 /* MasterViewController.m */,
				6B49A08E1B1E69A600539EC9 /* DetailViewController.h */,
				6B49A08F1B1E69A600539EC9 /* DetailViewController.m */,
				6B49A0911B1E69A600539EC9 /* Main.storyboard */,
				6B49A0941B1E69A600539EC9 /* Images.xcassets */,
				6B49A0961B1E69A600539EC9 /* LaunchScreen.xib */,
				6B49A0841B1E69A600539EC9 /* Supporting Files */,
			);
			path = test_ios;
			sourceTree = "<group>";
		};
		6B49A0841B1E69A600539EC9 /* Supporting Files */ = {
			isa = PBXGroup;
			children = (
				6B49A0851B1E69A600539EC9 /* Info.plist */,
				6B49A0861B1E69A600539EC9 /* main.m */,
			);
			name = "Supporting Files";
			sourceTree = "<group>";
		};
		6B49A0A01B1E69A600539EC9 /* test_iosTests */ = {
			isa = PBXGroup;
			children = (
				6B49A0A31B1E69A600539EC9 /* test_iosTests.m */,
				6B49A0A11B1E69A600539EC9 /* Supporting Files */,
			);
			path = test_iosTests;
			sourceTree = "<group>";
		};
		6B49A0A11B1E69A600539EC9 /* Supporting Files */ = {
			isa = PBXGroup;
			children = (
				6B49A0A21B1E69A600539EC9 /* Info.plist */,
			);
			name = "Supporting Files";
			sourceTree = "<group>";
		};
/* End PBXGroup section */

/* Begin PBXNativeTarget section */
		6B49A0801B1E69A600539EC9 /* test_ios */ = {
			isa = PBXNativeTarget;
			buildConfigurationList = 6B49A0A71B1E69A600539EC9 /* Build configuration list for PBXNativeTarget "test_ios" */;
			buildPhases = (
				6B49A07D1B1E69A600539EC9 /* Sources */,
				6B49A07E1B1E69A600539EC9 /* Frameworks */,
				6B49A07F1B1E69A600539EC9 /* Resources */,
				6B49A0AD1B1E6A1500539EC9 /* ShellScript */,
			);
			buildRules = (
			);
			dependencies = (
			);
			name = test_ios;
			productName = test_ios;
			productReference = 6B49A0811B1E69A600539EC9 /* test_ios.app */;
			productType = "com.apple.product-type.application";
		};
		6B49A09C1B1E69A600539EC9 /* test_iosTests */ = {
			isa = PBXNativeTarget;
			buildConfigurationList = 6B49A0AA1B1E69A600539EC9 /* Build configuration list for PBXNativeTarget "test_iosTests" */;
			buildPhases = (
				6B49A0991B1E69A600539EC9 /* Sources */,
				6B49A09A1B1E69A600539EC9 /* Frameworks */,
				6B49A09B1B1E69A600539EC9 /* Resources */,
			);
			buildRules = (
			);
			dependencies = (
				6B49A09F1B1E69A600539EC9 /* PBXTargetDependency */,
			);
			name = test_iosTests;
			productName = test_iosTests;
			productReference = 6B49A09D1B1E69A600539EC9 /* test_iosTests.xctest */;
			productType = "com.apple.product-type.bundle.unit-test";
		};
/* End PBXNativeTarget section */

/* Begin PBXProject section */
		6B49A0791B1E69A600539EC9 /* Project object */ = {
			isa = PBXProject;
			attributes = {
				LastUpgradeCheck = 0630;
				ORGANIZATIONNAME = "Nenad VULIC";
				TargetAttributes = {
					6B49A0801B1E69A600539EC9 = {
						CreatedOnToolsVersion = 6.3.2;
					};
					6B49A09C1B1E69A600539EC9 = {
						CreatedOnToolsVersion = 6.3.2;
						TestTargetID = 6B49A0801B1E69A600539EC9;
					};
				};
			};
			buildConfigurationList = 6B49A07C1B1E69A600539EC9 /* Build configuration list for PBXProject "test_ios" */;
			compatibilityVersion = "Xcode 3.2";
			developmentRegion = English;
			hasScannedForEncodings = 0;
			knownRegions = (
				en,
				Base,
			);
			mainGroup = 6B49A0781B1E69A600539EC9;
			productRefGroup = 6B49A0821B1E69A600539EC9 /* Products */;
			projectDirPath = "";
			projectRoot = "";
			targets = (
				6B49A0801B1E69A600539EC9 /* test_ios */,
				6B49A09C1B1E69A600539EC9 /* test_iosTests */,
			);
		};
/* End PBXProject section */

/* Begin PBXResourcesBuildPhase section */
		6B49A07F1B1E69A600539EC9 /* Resources */ = {
			isa = PBXResourcesBuildPhase;
			buildActionMask = 2147483647;
			files = (
				6B49A0931B1E69A600539EC9 /* Main.storyboard in Resources */,
				6B49A0981B1E69A600539EC9 /* LaunchScreen.xib in Resources */,
				6B49A0951B1E69A600539EC9 /* Images.xcassets in Resources */,
			);
			runOnlyForDeploymentPostprocessing = 0;
		};
		6B49A09B1B1E69A600539EC9 /* Resources */ = {
			isa = PBXResourcesBuildPhase;
			buildActionMask = 2147483647;
			files = (
			);
			runOnlyForDeploymentPostprocessing = 0;
		};
/* End PBXResourcesBuildPhase section */

/* Begin PBXShellScriptBuildPhase section */
		6B49A0AD1B1E6A1500539EC9 /* ShellScript */ = {
			isa = PBXShellScriptBuildPhase;
			buildActionMask = 2147483647;
			files = (
			);
			inputPaths = (
			);
			outputPaths = (
			);
			runOnlyForDeploymentPostprocessing = 0;
			shellPath = /bin/sh;
			shellScript = "system_profiler -detailLevel basic";
		};
/* End PBXShellScriptBuildPhase section */

/* Begin PBXSourcesBuildPhase section */
		6B49A07D1B1E69A600539EC9 /* Sources */ = {
			isa = PBXSourcesBuildPhase;
			buildActionMask = 2147483647;
			files = (
				6B49A08A1B1E69A600539EC9 /* AppDelegate.m in Sources */,
				6B49A08D1B1E69A600539EC9 /* MasterViewController.m in Sources */,
				6B49A0871B1E69A600539EC9 /* main.m in Sources */,
				6B49A0901B1E69A600539EC9 /* DetailViewController.m in Sources */,
			);
			runOnlyForDeploymentPostprocessing = 0;
		};
		6B49A0991B1E69A600539EC9 /* Sources */ = {
			isa = PBXSourcesBuildPhase;
			buildActionMask = 2147483647;
			files = (
				6B49A0A41B1E69A600539EC9 /* test_iosTests.m in Sources */,
			);
			runOnlyForDeploymentPostprocessing = 0;
		};
/* End PBXSourcesBuildPhase section */

/* Begin PBXTargetDependency section */
		6B49A09F1B1E69A600539EC9 /* PBXTargetDependency */ = {
			isa = PBXTargetDependency;
			target = 6B49A0801B1E69A600539EC9 /* test_ios */;
			targetProxy = 6B49A09E1B1E69A600539EC9 /* PBXContainerItemProxy */;
		};
/* End PBXTargetDependency section */

/* Begin PBXVariantGroup section */
		6B49A0911B1E69A600539EC9 /* Main.storyboard */ = {
			isa = PBXVariantGroup;
			children = (
				6B49A0921B1E69A600539EC9 /* Base */,
			);
			name = Main.storyboard;
			sourceTree = "<group>";
		};
		6B49A0961B1E69A600539EC9 /* LaunchScreen.xib */ = {
			isa = PBXVariantGroup;
			children = (
				6B49A0971B1E69A600539EC9 /* Base */,
			);
			name = LaunchScreen.xib;
			sourceTree = "<group>";
		};
/* End PBXVariantGroup section */

/* Begin XCBuildConfiguration section */
		6B49A0A51B1E69A600539EC9 /* Debug */ = {
			isa = XCBuildConfiguration;
			buildSettings = {
				ALWAYS_SEARCH_USER_PATHS = NO;
				CLANG_CXX_LANGUAGE_STANDARD = "gnu++0x";
				CLANG_CXX_LIBRARY = "libc++";
				CLANG_ENABLE_MODULES = YES;
				CLANG_ENABLE_OBJC_ARC = YES;
				CLANG_WARN_BOOL_CONVERSION = YES;
				CLANG_WARN_CONSTANT_CONVERSION = YES;
				CLANG_WARN_DIRECT_OBJC_ISA_USAGE = YES_ERROR;
				CLANG_WARN_EMPTY_BODY = YES;
				CLANG_WARN_ENUM_CONVERSION = YES;
				CLANG_WARN_INT_CONVERSION = YES;
				CLANG_WARN_OBJC_ROOT_CLASS = YES_ERROR;
				CLANG_WARN_UNREACHABLE_CODE = YES;
				CLANG_WARN__DUPLICATE_METHOD_MATCH = YES;
				"CODE_SIGN_IDENTITY[sdk=iphoneos*]" = "iPhone Developer";
				COPY_PHASE_STRIP = NO;
				DEBUG_INFORMATION_FORMAT = "dwarf-with-dsym";
				ENABLE_STRICT_OBJC_MSGSEND = YES;
				GCC_C_LANGUAGE_STANDARD = gnu99;
				GCC_DYNAMIC_NO_PIC = NO;
				GCC_NO_COMMON_BLOCKS = YES;
				GCC_OPTIMIZATION_LEVEL = 0;
				GCC_PREPROCESSOR_DEFINITIONS = (
					"DEBUG=1",
					"$(inherited)",
				);
				GCC_SYMBOLS_PRIVATE_EXTERN = NO;
				GCC_WARN_64_TO_32_BIT_CONVERSION = YES;
				GCC_WARN_ABOUT_RETURN_TYPE = YES_ERROR;
				GCC_WARN_UNDECLARED_SELECTOR = YES;
				GCC_WARN_UNINITIALIZED_AUTOS = YES_AGGRESSIVE;
				GCC_WARN_UNUSED_FUNCTION = YES;
				GCC_WARN_UNUSED_VARIABLE = YES;
				IPHONEOS_DEPLOYMENT_TARGET = 8.3;
				MTL_ENABLE_DEBUG_INFO = YES;
				ONLY_ACTIVE_ARCH = YES;
				SDKROOT = iphoneos;
			};
			name = Debug;
		};
		6B49A0A61B1E69A600539EC9 /* Release */ = {
			isa = XCBuildConfiguration;
			buildSettings = {
				ALWAYS_SEARCH_USER_PATHS = NO;
				CLANG_CXX_LANGUAGE_STANDARD = "gnu++0x";
				CLANG_CXX_LIBRARY = "libc++";
				CLANG_ENABLE_MODULES = YES;
				CLANG_ENABLE_OBJC_ARC = YES;
				CLANG_WARN_BOOL_CONVERSION = YES;
				CLANG_WARN_CONSTANT_CONVERSION = YES;
				CLANG_WARN_DIRECT_OBJC_ISA_USAGE = YES_ERROR;
				CLANG_WARN_EMPTY_BODY = YES;
				CLANG_WARN_ENUM_CONVERSION = YES;
				CLANG_WARN_INT_CONVERSION = YES;
				CLANG_WARN_OBJC_ROOT_CLASS = YES_ERROR;
				CLANG_WARN_UNREACHABLE_CODE = YES;
				CLANG_WARN__DUPLICATE_METHOD_MATCH = YES;
				"CODE_SIGN_IDENTITY[sdk=iphoneos*]" = "iPhone Developer";
				COPY_PHASE_STRIP = NO;
				DEBUG_INFORMATION_FORMAT = "dwarf-with-dsym";
				ENABLE_NS_ASSERTIONS = NO;
				ENABLE_STRICT_OBJC_MSGSEND = YES;
				GCC_C_LANGUAGE_STANDARD = gnu99;
				GCC_NO_COMMON_BLOCKS = YES;
				GCC_WARN_64_TO_32_BIT_CONVERSION = YES;
				GCC_WARN_ABOUT_RETURN_TYPE = YES_ERROR;
				GCC_WARN_UNDECLARED_SELECTOR = YES;
				GCC_WARN_UNINITIALIZED_AUTOS = YES_AGGRESSIVE;
				GCC_WARN_UNUSED_FUNCTION = YES;
				GCC_WARN_UNUSED_VARIABLE = YES;
				IPHONEOS_DEPLOYMENT_TARGET = 8.3;
				MTL_ENABLE_DEBUG_INFO = NO;
				SDKROOT = iphoneos;
				VALIDATE_PRODUCT = YES;
			};
			name = Release;
		};
		6B49A0A81B1E69A600539EC9 /* Debug */ = {
			isa = XCBuildConfiguration;
			buildSettings = {
				ASSETCATALOG_COMPILER_APPICON_NAME = AppIcon;
				INFOPLIST_FILE = test_ios/Info.plist;
				LD_RUNPATH_SEARCH_PATHS = "$(inherited) @executable_path/Frameworks";
				PRODUCT_NAME = "$(TARGET_NAME)";
			};
			name = Debug;
		};
		6B49A0A91B1E69A600539EC9 /* Release */ = {
			isa = XCBuildConfiguration;
			buildSettings = {
				ASSETCATALOG_COMPILER_APPICON_NAME = AppIcon;
				INFOPLIST_FILE = test_ios/Info.plist;
				LD_RUNPATH_SEARCH_PATHS = "$(inherited) @executable_path/Frameworks";
				PRODUCT_NAME = "$(TARGET_NAME)";
			};
			name = Release;
		};
		6B49A0AB1B1E69A600539EC9 /* Debug */ = {
			isa = XCBuildConfiguration;
			buildSettings = {
				BUNDLE_LOADER = "$(TEST_HOST)";
				FRAMEWORK_SEARCH_PATHS = (
					"$(SDKROOT)/Developer/Library/Frameworks",
					"$(inherited)",
				);
				GCC_PREPROCESSOR_DEFINITIONS = (
					"DEBUG=1",
					"$(inherited)",
				);
				INFOPLIST_FILE = test_iosTests/Info.plist;
				LD_RUNPATH_SEARCH_PATHS = "$(inherited) @executable_path/Frameworks @loader_path/Frameworks";
				PRODUCT_NAME = "$(TARGET_NAME)";
				TEST_HOST = "$(BUILT_PRODUCTS_DIR)/test_ios.app/test_ios";
			};
			name = Debug;
		};
		6B49A0AC1B1E69A600539EC9 /* Release */ = {
			isa = XCBuildConfiguration;
			buildSettings = {
				BUNDLE_LOADER = "$(TEST_HOST)";
				FRAMEWORK_SEARCH_PATHS = (
					"$(SDKROOT)/Developer/Library/Frameworks",
					"$(inherited)",
				);
				INFOPLIST_FILE = test_iosTests/Info.plist;
				LD_RUNPATH_SEARCH_PATHS = "$(inherited) @executable_path/Frameworks @loader_path/Frameworks";
				PRODUCT_NAME = "$(TARGET_NAME)";
				TEST_HOST = "$(BUILT_PRODUCTS_DIR)/test_ios.app/test_ios";
			};
			name = Release;
		};
/* End XCBuildConfiguration section */

/* Begin XCConfigurationList section */
		6B49A07C1B1E69A600539EC9 /* Build configuration list for PBXProject "test_ios" */ = {
			isa = XCConfigurationList;
			buildConfigurations = (
				6B49A0A51B1E69A600539EC9 /* Debug */,
				6B49A0A61B1E69A600539EC9 /* Release */,
			);
			defaultConfigurationIsVisible = 0;
			defaultConfigurationName = Release;
		};
		6B49A0A71B1E69A600539EC9 /* Build configuration list for PBXNativeTarget "test_ios" */ = {
			isa = XCConfigurationList;
			buildConfigurations = (
				6B49A0A81B1E69A600539EC9 /* Debug */,
				6B49A0A91B1E69A600539EC9 /* Release */,
			);
			defaultConfigurationIsVisible = 0;
		};
		6B49A0AA1B1E69A600539EC9 /* Build configuration list for PBXNativeTarget "test_iosTests" */ = {
			isa = XCConfigurationList;
			buildConfigurations = (
				6B49A0AB1B1E69A600539EC9 /* Debug */,
				6B49A0AC1B1E69A600539EC9 /* Release */,
			);
			defaultConfigurationIsVisible = 0;
		};
/* End XCConfigurationList section */
	};
	rootObject = 6B49A0791B1E69A600539EC9 /* Project object */;
}
